
Microsoft Visual Studio Solution File, Format Version 12.00
# Visual Studio Version 16
VisualStudioVersion = 16.0.30621.155
MinimumVisualStudioVersion = 10.0.40219.1
Project("{8BC9CEB8-8B4A-11D0-8D11-00A0C91BC942}") = "MusicCollection", "MusicCollection.vcxproj", "{F9C538D3-6AA6-4F1F-BEEF-D68CBE5F7A71}"
EndProject
Global
	GlobalSection(SolutionConfigurationPlatforms) = preSolution
		Debug|x64 = Debug|x64
		Debug|x86 = Debug|x86
		Release|x64 = Release|x64
		Release|x86 = Release|x86
	EndGlobalSection
	GlobalSection(ProjectConfigurationPlatforms) = postSolution
		{F9C538D3-6AA6-4F1F-BEEF-D68CBE5F7A71}.Debug|x64.ActiveCfg = Debug|x64
		{F9C538D3-6AA6-4F1F-BEEF-D68CBE5F7A71}.Debug|x64.Build.0 = Debug|x64
		{F9C538D3-6AA6-4F1F-BEEF-D68CBE5F7A71}.Debug|x86.ActiveCfg = Debug|Win32
		{F9C538D3-6AA6-4F1F-BEEF-D68CBE5F7A71}.Debug|x86.Build.0 = Debug|Win32
		{F9C538D3-6AA6-4F1F-BEEF-D68CBE5F7A71}.Release|x64.ActiveCfg = Release|x64
		{F9C538D3-6AA6-4F1F-BEEF-D68CBE5F7A71}.Release|x64.Build.0 = Release|x64
		{F9C538D3-6AA6-4F1F-BEEF-D68CBE5F7A71}.Release|x86.ActiveCfg = Release|Win32
		{F9C538D3-6AA6-4F1F-BEEF-D68CBE5F7A71}.Release|x86.Build.0 = Release|Win32
	EndGlobalSection
	GlobalSection(SolutionProperties) = preSolution
		HideSolutionNode = FALSE
	EndGlobalSection
	GlobalSection(ExtensibilityGlobals) = postSolution
		SolutionGuid = {74D773FA-7BC3-4FCF-96A9-35E996B7C64D}
	EndGlobalSection
EndGlobal
